
Microsoft Visual Studio Solution File, Format Version 12.00
# Visual Studio Version 17
VisualStudioVersion = 17.11.35222.181
MinimumVisualStudioVersion = 10.0.40219.1
Project("{2150E333-8FDC-42A3-9474-1A3956D46DE8}") = "Session", "Session", "{F9BC8CA7-EC22-4DDC-9C82-1013AEA61D46}"
EndProject
Project("{2150E333-8FDC-42A3-9474-1A3956D46DE8}") = "src", "src", "{D9381878-1C25-4371-8D64-B18DA268A6FF}"
EndProject
Project("{2150E333-8FDC-42A3-9474-1A3956D46DE8}") = "tests", "tests", "{2F095C6D-F2C5-427A-B1D9-D5621813FFFE}"
EndProject
Project("{9A19103F-16F7-4668-BE54-9A1E7A4F7556}") = "CS.Session.API", "CS.Session.API\CS.Session.API.csproj", "{851F2749-7702-4EFC-87B9-2A640DD4D81E}"
EndProject
Project("{E53339B2-1760-4266-BCC7-CA923CBCF16C}") = "docker-compose", "docker-compose.dcproj", "{DA111158-7C18-4CB5-8BAC-C492E90FD70A}"
EndProject
Project("{9A19103F-16F7-4668-BE54-9A1E7A4F7556}") = "CS.Session.Domain", "CS.Session.Domain\CS.Session.Domain.csproj", "{255D7886-7808-4271-95ED-68827E52E271}"
EndProject
Project("{9A19103F-16F7-4668-BE54-9A1E7A4F7556}") = "CS.Session.Infrastructure", "CS.Session.Infrastructure\CS.Session.Infrastructure.csproj", "{41C259A1-3F56-47E6-BD04-E34F49B89E7C}"
EndProject
Project("{9A19103F-16F7-4668-BE54-9A1E7A4F7556}") = "CS.Session.Tests", "CS.Session.Tests\CS.Session.Tests.csproj", "{526E90A0-5A0E-4667-BA26-6A49AB854BA3}"
EndProject
Project("{2150E333-8FDC-42A3-9474-1A3956D46DE8}") = "User", "User", "{92F7933C-6080-4506-9DE3-B9AE11D8B9E6}"
EndProject
Project("{2150E333-8FDC-42A3-9474-1A3956D46DE8}") = "src", "src", "{D50C59FB-CD4B-47EC-8BA4-ED7525DA6F26}"
EndProject
Project("{2150E333-8FDC-42A3-9474-1A3956D46DE8}") = "tests", "tests", "{035409E9-147B-4CC4-BBFC-B3D8F0F211AB}"
EndProject
Project("{9A19103F-16F7-4668-BE54-9A1E7A4F7556}") = "CS.User.Domain", "CS.User.Domain\CS.User.Domain.csproj", "{C4772A04-B632-413F-B961-A3A3AFAA194D}"
EndProject
Project("{9A19103F-16F7-4668-BE54-9A1E7A4F7556}") = "CS.User.Infrastructure", "CS.User.Infrastructure\CS.User.Infrastructure.csproj", "{7756E74D-37C0-40D7-9D63-B8D60D2636E4}"
EndProject
Project("{9A19103F-16F7-4668-BE54-9A1E7A4F7556}") = "CS.User.API", "CS.User.API\CS.User.API.csproj", "{DB28E78C-74A1-4710-B226-1D62242A4B33}"
EndProject
Project("{2150E333-8FDC-42A3-9474-1A3956D46DE8}") = "Media", "Media", "{17228FAF-9EBC-4966-860E-91652AC97F57}"
EndProject
Project("{2150E333-8FDC-42A3-9474-1A3956D46DE8}") = "src", "src", "{E486E3E2-59F9-4023-A4F8-E2643425907E}"
EndProject
Project("{2150E333-8FDC-42A3-9474-1A3956D46DE8}") = "tests", "tests", "{0AED465B-664C-467B-83B2-F7A1644A6670}"
EndProject
Project("{9A19103F-16F7-4668-BE54-9A1E7A4F7556}") = "CS.Media.API", "CS.Media.API\CS.Media.API.csproj", "{7DC65274-349F-458C-B5C5-98E1D16DA105}"
EndProject
Project("{9A19103F-16F7-4668-BE54-9A1E7A4F7556}") = "CS.Media.Infrastructure", "CS.Media.Infrastructure\CS.Media.Infrastructure.csproj", "{7572F5DE-74C6-40B4-902C-9D40CCC768A5}"
EndProject
Project("{9A19103F-16F7-4668-BE54-9A1E7A4F7556}") = "CS.Media.Domain", "CS.Media.Domain\CS.Media.Domain.csproj", "{BB0AD6DE-8EEE-4D15-8CC5-035641B8101A}"
EndProject
Project("{2150E333-8FDC-42A3-9474-1A3956D46DE8}") = "Solution Items", "Solution Items", "{3406CDBA-64DC-4242-95BE-810B0CCCE4C6}"
	ProjectSection(SolutionItems) = preProject
		.github\workflows\docker-image.yml = .github\workflows\docker-image.yml
	EndProjectSection
EndProject
Project("{2150E333-8FDC-42A3-9474-1A3956D46DE8}") = "Common", "Common", "{98D148B1-7E2D-48C9-96B2-4F0EFDA53A7A}"
EndProject
Project("{2150E333-8FDC-42A3-9474-1A3956D46DE8}") = "src", "src", "{727AA9AB-1E77-4503-A535-493BE5FE1578}"
EndProject
Project("{FAE04EC0-301F-11D3-BF4B-00C04F79EFBC}") = "CS.Common", "CS.Common\CS.Common.csproj", "{5620AB8B-0223-434F-94CC-F422E0B07A9D}"
EndProject
Global
	GlobalSection(SolutionConfigurationPlatforms) = preSolution
		Debug|Any CPU = Debug|Any CPU
		Release|Any CPU = Release|Any CPU
	EndGlobalSection
	GlobalSection(ProjectConfigurationPlatforms) = postSolution
		{851F2749-7702-4EFC-87B9-2A640DD4D81E}.Debug|Any CPU.ActiveCfg = Debug|Any CPU
		{851F2749-7702-4EFC-87B9-2A640DD4D81E}.Debug|Any CPU.Build.0 = Debug|Any CPU
		{851F2749-7702-4EFC-87B9-2A640DD4D81E}.Release|Any CPU.ActiveCfg = Release|Any CPU
		{851F2749-7702-4EFC-87B9-2A640DD4D81E}.Release|Any CPU.Build.0 = Release|Any CPU
		{DA111158-7C18-4CB5-8BAC-C492E90FD70A}.Debug|Any CPU.ActiveCfg = Debug|Any CPU
		{DA111158-7C18-4CB5-8BAC-C492E90FD70A}.Debug|Any CPU.Build.0 = Debug|Any CPU
		{DA111158-7C18-4CB5-8BAC-C492E90FD70A}.Release|Any CPU.ActiveCfg = Release|Any CPU
		{DA111158-7C18-4CB5-8BAC-C492E90FD70A}.Release|Any CPU.Build.0 = Release|Any CPU
		{255D7886-7808-4271-95ED-68827E52E271}.Debug|Any CPU.ActiveCfg = Debug|Any CPU
		{255D7886-7808-4271-95ED-68827E52E271}.Debug|Any CPU.Build.0 = Debug|Any CPU
		{255D7886-7808-4271-95ED-68827E52E271}.Release|Any CPU.ActiveCfg = Release|Any CPU
		{255D7886-7808-4271-95ED-68827E52E271}.Release|Any CPU.Build.0 = Release|Any CPU
		{41C259A1-3F56-47E6-BD04-E34F49B89E7C}.Debug|Any CPU.ActiveCfg = Debug|Any CPU
		{41C259A1-3F56-47E6-BD04-E34F49B89E7C}.Debug|Any CPU.Build.0 = Debug|Any CPU
		{41C259A1-3F56-47E6-BD04-E34F49B89E7C}.Release|Any CPU.ActiveCfg = Release|Any CPU
		{41C259A1-3F56-47E6-BD04-E34F49B89E7C}.Release|Any CPU.Build.0 = Release|Any CPU
		{526E90A0-5A0E-4667-BA26-6A49AB854BA3}.Debug|Any CPU.ActiveCfg = Debug|Any CPU
		{526E90A0-5A0E-4667-BA26-6A49AB854BA3}.Debug|Any CPU.Build.0 = Debug|Any CPU
		{526E90A0-5A0E-4667-BA26-6A49AB854BA3}.Release|Any CPU.ActiveCfg = Release|Any CPU
		{526E90A0-5A0E-4667-BA26-6A49AB854BA3}.Release|Any CPU.Build.0 = Release|Any CPU
		{C4772A04-B632-413F-B961-A3A3AFAA194D}.Debug|Any CPU.ActiveCfg = Debug|Any CPU
		{C4772A04-B632-413F-B961-A3A3AFAA194D}.Debug|Any CPU.Build.0 = Debug|Any CPU
		{C4772A04-B632-413F-B961-A3A3AFAA194D}.Release|Any CPU.ActiveCfg = Release|Any CPU
		{C4772A04-B632-413F-B961-A3A3AFAA194D}.Release|Any CPU.Build.0 = Release|Any CPU
		{7756E74D-37C0-40D7-9D63-B8D60D2636E4}.Debug|Any CPU.ActiveCfg = Debug|Any CPU
		{7756E74D-37C0-40D7-9D63-B8D60D2636E4}.Debug|Any CPU.Build.0 = Debug|Any CPU
		{7756E74D-37C0-40D7-9D63-B8D60D2636E4}.Release|Any CPU.ActiveCfg = Release|Any CPU
		{7756E74D-37C0-40D7-9D63-B8D60D2636E4}.Release|Any CPU.Build.0 = Release|Any CPU
		{DB28E78C-74A1-4710-B226-1D62242A4B33}.Debug|Any CPU.ActiveCfg = Debug|Any CPU
		{DB28E78C-74A1-4710-B226-1D62242A4B33}.Debug|Any CPU.Build.0 = Debug|Any CPU
		{DB28E78C-74A1-4710-B226-1D62242A4B33}.Release|Any CPU.ActiveCfg = Release|Any CPU
		{DB28E78C-74A1-4710-B226-1D62242A4B33}.Release|Any CPU.Build.0 = Release|Any CPU
		{7DC65274-349F-458C-B5C5-98E1D16DA105}.Debug|Any CPU.ActiveCfg = Debug|Any CPU
		{7DC65274-349F-458C-B5C5-98E1D16DA105}.Debug|Any CPU.Build.0 = Debug|Any CPU
		{7DC65274-349F-458C-B5C5-98E1D16DA105}.Release|Any CPU.ActiveCfg = Release|Any CPU
		{7DC65274-349F-458C-B5C5-98E1D16DA105}.Release|Any CPU.Build.0 = Release|Any CPU
		{7572F5DE-74C6-40B4-902C-9D40CCC768A5}.Debug|Any CPU.ActiveCfg = Debug|Any CPU
		{7572F5DE-74C6-40B4-902C-9D40CCC768A5}.Debug|Any CPU.Build.0 = Debug|Any CPU
		{7572F5DE-74C6-40B4-902C-9D40CCC768A5}.Release|Any CPU.ActiveCfg = Release|Any CPU
		{7572F5DE-74C6-40B4-902C-9D40CCC768A5}.Release|Any CPU.Build.0 = Release|Any CPU
		{BB0AD6DE-8EEE-4D15-8CC5-035641B8101A}.Debug|Any CPU.ActiveCfg = Debug|Any CPU
		{BB0AD6DE-8EEE-4D15-8CC5-035641B8101A}.Debug|Any CPU.Build.0 = Debug|Any CPU
		{BB0AD6DE-8EEE-4D15-8CC5-035641B8101A}.Release|Any CPU.ActiveCfg = Release|Any CPU
		{BB0AD6DE-8EEE-4D15-8CC5-035641B8101A}.Release|Any CPU.Build.0 = Release|Any CPU
		{5620AB8B-0223-434F-94CC-F422E0B07A9D}.Debug|Any CPU.ActiveCfg = Debug|Any CPU
		{5620AB8B-0223-434F-94CC-F422E0B07A9D}.Debug|Any CPU.Build.0 = Debug|Any CPU
		{5620AB8B-0223-434F-94CC-F422E0B07A9D}.Release|Any CPU.ActiveCfg = Release|Any CPU
		{5620AB8B-0223-434F-94CC-F422E0B07A9D}.Release|Any CPU.Build.0 = Release|Any CPU
	EndGlobalSection
	GlobalSection(SolutionProperties) = preSolution
		HideSolutionNode = FALSE
	EndGlobalSection
	GlobalSection(NestedProjects) = preSolution
		{D9381878-1C25-4371-8D64-B18DA268A6FF} = {F9BC8CA7-EC22-4DDC-9C82-1013AEA61D46}
		{2F095C6D-F2C5-427A-B1D9-D5621813FFFE} = {F9BC8CA7-EC22-4DDC-9C82-1013AEA61D46}
		{851F2749-7702-4EFC-87B9-2A640DD4D81E} = {D9381878-1C25-4371-8D64-B18DA268A6FF}
		{255D7886-7808-4271-95ED-68827E52E271} = {D9381878-1C25-4371-8D64-B18DA268A6FF}
		{41C259A1-3F56-47E6-BD04-E34F49B89E7C} = {D9381878-1C25-4371-8D64-B18DA268A6FF}
		{526E90A0-5A0E-4667-BA26-6A49AB854BA3} = {2F095C6D-F2C5-427A-B1D9-D5621813FFFE}
		{D50C59FB-CD4B-47EC-8BA4-ED7525DA6F26} = {92F7933C-6080-4506-9DE3-B9AE11D8B9E6}
		{035409E9-147B-4CC4-BBFC-B3D8F0F211AB} = {92F7933C-6080-4506-9DE3-B9AE11D8B9E6}
		{C4772A04-B632-413F-B961-A3A3AFAA194D} = {D50C59FB-CD4B-47EC-8BA4-ED7525DA6F26}
		{7756E74D-37C0-40D7-9D63-B8D60D2636E4} = {D50C59FB-CD4B-47EC-8BA4-ED7525DA6F26}
		{DB28E78C-74A1-4710-B226-1D62242A4B33} = {D50C59FB-CD4B-47EC-8BA4-ED7525DA6F26}
		{E486E3E2-59F9-4023-A4F8-E2643425907E} = {17228FAF-9EBC-4966-860E-91652AC97F57}
		{0AED465B-664C-467B-83B2-F7A1644A6670} = {17228FAF-9EBC-4966-860E-91652AC97F57}
		{7DC65274-349F-458C-B5C5-98E1D16DA105} = {E486E3E2-59F9-4023-A4F8-E2643425907E}
		{7572F5DE-74C6-40B4-902C-9D40CCC768A5} = {E486E3E2-59F9-4023-A4F8-E2643425907E}
		{BB0AD6DE-8EEE-4D15-8CC5-035641B8101A} = {E486E3E2-59F9-4023-A4F8-E2643425907E}
		{727AA9AB-1E77-4503-A535-493BE5FE1578} = {98D148B1-7E2D-48C9-96B2-4F0EFDA53A7A}
		{5620AB8B-0223-434F-94CC-F422E0B07A9D} = {727AA9AB-1E77-4503-A535-493BE5FE1578}
	EndGlobalSection
	GlobalSection(ExtensibilityGlobals) = postSolution
		SolutionGuid = {01FFF178-7263-4AFE-8A1C-12614D94F9BA}
	EndGlobalSection
EndGlobal
